hash: 61c8f45589921019e24353e1ac26c25e5ab928cee1c95437e96197a74d9fbe6d
updated: 2018-03-10T19:15:25.65164475+09:00
imports:
- name: github.com/cznic/mathutil
  version: 7764e6a2216aaa02c36f75aad62538d39c2962c2
- name: github.com/juju/errors
  version: c7d06af17c68cd34c835053720b21f6549d9b0ee
- name: github.com/ngaut/log
  version: d2af3a61f64d093457fb23b25d20f4ce3cd551ce
- name: golang.org/x/text
  version: b7ef84aaf62aa3e70962625c80a571ae7c17cb40
  subpackages:
  - encoding
  - encoding/charmap
  - encoding/internal
  - encoding/internal/identifier
  - encoding/japanese
  - encoding/korean
  - encoding/simplifiedchinese
  - encoding/traditionalchinese
  - encoding/unicode
  - internal/utf8internal
  - runes
  - transform
testImports:
- name: github.com/pingcap/check
  version: 1c287c953996ab3a0bf535dba9d53d809d3dc0b6
